
Microsoft Visual Studio Solution File, Format Version 12.00
# Visual Studio Version 16
VisualStudioVersion = 16.0.31025.194
MinimumVisualStudioVersion = 10.0.40219.1
Project("{2150E333-8FDC-42A3-9474-1A3956D46DE8}") = "src", "src", "{F6B218B4-6696-4C77-8BA5-6A57163C76C4}"
EndProject
Project("{FAE04EC0-301F-11D3-BF4B-00C04F79EFBC}") = "Capitals.Core", "src\Capitals.ApplicationCore\Capitals.Core.csproj", "{6BC330D5-3FEE-45E8-B6E3-339BEAF86D53}"
EndProject
Project("{FAE04EC0-301F-11D3-BF4B-00C04F79EFBC}") = "Capitals.Infrastructure", "src\Capitals.Infrastructure\Capitals.Infrastructure.csproj", "{1F12D255-3893-4E72-A685-4E9DAE24317B}"
EndProject
Project("{FAE04EC0-301F-11D3-BF4B-00C04F79EFBC}") = "Capitals.API", "src\Capitals.API\Capitals.API.csproj", "{03B0D95B-440C-4A88-ADE3-B90029C917FF}"
EndProject
Project("{2150E333-8FDC-42A3-9474-1A3956D46DE8}") = "test", "test", "{A70C0C0B-3B5E-4D2D-A46D-11435735331E}"
EndProject
Project("{FAE04EC0-301F-11D3-BF4B-00C04F79EFBC}") = "Capitals.UnitTest", "test\Capitals.UnitTest\Capitals.UnitTest.csproj", "{B07F92D2-4B2C-476C-B7F3-83F5FDE3DC0B}"
EndProject
Project("{FAE04EC0-301F-11D3-BF4B-00C04F79EFBC}") = "Capitals.FunctionalTest", "test\Capitals.FunctionalTest\Capitals.FunctionalTest.csproj", "{7797863D-190C-47F3-A01F-E7D29C2E0574}"
EndProject
Project("{FAE04EC0-301F-11D3-BF4B-00C04F79EFBC}") = "Capitals.EndToEndTest", "test\Capitals.EndToEndTest\Capitals.EndToEndTest.csproj", "{F96E0FE5-0C0E-467E-BCC7-614CB8C692D1}"
EndProject
Global
	GlobalSection(SolutionConfigurationPlatforms) = preSolution
		Debug|Any CPU = Debug|Any CPU
		Release|Any CPU = Release|Any CPU
	EndGlobalSection
	GlobalSection(ProjectConfigurationPlatforms) = postSolution
		{6BC330D5-3FEE-45E8-B6E3-339BEAF86D53}.Debug|Any CPU.ActiveCfg = Debug|Any CPU
		{6BC330D5-3FEE-45E8-B6E3-339BEAF86D53}.Debug|Any CPU.Build.0 = Debug|Any CPU
		{6BC330D5-3FEE-45E8-B6E3-339BEAF86D53}.Release|Any CPU.ActiveCfg = Release|Any CPU
		{6BC330D5-3FEE-45E8-B6E3-339BEAF86D53}.Release|Any CPU.Build.0 = Release|Any CPU
		{1F12D255-3893-4E72-A685-4E9DAE24317B}.Debug|Any CPU.ActiveCfg = Debug|Any CPU
		{1F12D255-3893-4E72-A685-4E9DAE24317B}.Debug|Any CPU.Build.0 = Debug|Any CPU
		{1F12D255-3893-4E72-A685-4E9DAE24317B}.Release|Any CPU.ActiveCfg = Release|Any CPU
		{1F12D255-3893-4E72-A685-4E9DAE24317B}.Release|Any CPU.Build.0 = Release|Any CPU
		{03B0D95B-440C-4A88-ADE3-B90029C917FF}.Debug|Any CPU.ActiveCfg = Debug|Any CPU
		{03B0D95B-440C-4A88-ADE3-B90029C917FF}.Debug|Any CPU.Build.0 = Debug|Any CPU
		{03B0D95B-440C-4A88-ADE3-B90029C917FF}.Release|Any CPU.ActiveCfg = Release|Any CPU
		{03B0D95B-440C-4A88-ADE3-B90029C917FF}.Release|Any CPU.Build.0 = Release|Any CPU
		{B07F92D2-4B2C-476C-B7F3-83F5FDE3DC0B}.Debug|Any CPU.ActiveCfg = Debug|Any CPU
		{B07F92D2-4B2C-476C-B7F3-83F5FDE3DC0B}.Debug|Any CPU.Build.0 = Debug|Any CPU
		{B07F92D2-4B2C-476C-B7F3-83F5FDE3DC0B}.Release|Any CPU.ActiveCfg = Release|Any CPU
		{B07F92D2-4B2C-476C-B7F3-83F5FDE3DC0B}.Release|Any CPU.Build.0 = Release|Any CPU
		{7797863D-190C-47F3-A01F-E7D29C2E0574}.Debug|Any CPU.ActiveCfg = Debug|Any CPU
		{7797863D-190C-47F3-A01F-E7D29C2E0574}.Debug|Any CPU.Build.0 = Debug|Any CPU
		{7797863D-190C-47F3-A01F-E7D29C2E0574}.Release|Any CPU.ActiveCfg = Release|Any CPU
		{7797863D-190C-47F3-A01F-E7D29C2E0574}.Release|Any CPU.Build.0 = Release|Any CPU
		{F96E0FE5-0C0E-467E-BCC7-614CB8C692D1}.Debug|Any CPU.ActiveCfg = Debug|Any CPU
		{F96E0FE5-0C0E-467E-BCC7-614CB8C692D1}.Debug|Any CPU.Build.0 = Debug|Any CPU
		{F96E0FE5-0C0E-467E-BCC7-614CB8C692D1}.Release|Any CPU.ActiveCfg = Release|Any CPU
		{F96E0FE5-0C0E-467E-BCC7-614CB8C692D1}.Release|Any CPU.Build.0 = Release|Any CPU
	EndGlobalSection
	GlobalSection(SolutionProperties) = preSolution
		HideSolutionNode = FALSE
	EndGlobalSection
	GlobalSection(NestedProjects) = preSolution
		{6BC330D5-3FEE-45E8-B6E3-339BEAF86D53} = {F6B218B4-6696-4C77-8BA5-6A57163C76C4}
		{1F12D255-3893-4E72-A685-4E9DAE24317B} = {F6B218B4-6696-4C77-8BA5-6A57163C76C4}
		{03B0D95B-440C-4A88-ADE3-B90029C917FF} = {F6B218B4-6696-4C77-8BA5-6A57163C76C4}
		{B07F92D2-4B2C-476C-B7F3-83F5FDE3DC0B} = {A70C0C0B-3B5E-4D2D-A46D-11435735331E}
		{7797863D-190C-47F3-A01F-E7D29C2E0574} = {A70C0C0B-3B5E-4D2D-A46D-11435735331E}
		{F96E0FE5-0C0E-467E-BCC7-614CB8C692D1} = {A70C0C0B-3B5E-4D2D-A46D-11435735331E}
	EndGlobalSection
	GlobalSection(ExtensibilityGlobals) = postSolution
		SolutionGuid = {4F387A51-2130-4002-90F5-94F5062C5F24}
	EndGlobalSection
EndGlobal
